
Microsoft Visual Studio Solution File, Format Version 12.00
# Visual Studio Version 16
VisualStudioVersion = 16.0.30711.63
MinimumVisualStudioVersion = 10.0.40219.1
Project("{FAE04EC0-301F-11D3-BF4B-00C04F79EFBC}") = "BookStoreWeb", "BookStoreWeb.csproj", "{C5F732FE-A12D-4591-9166-0A70F03F6532}"
EndProject
Global
	GlobalSection(SolutionConfigurationPlatforms) = preSolution
		Debug|Any CPU = Debug|Any CPU
		Release|Any CPU = Release|Any CPU
	EndGlobalSection
	GlobalSection(ProjectConfigurationPlatforms) = postSolution
		{C5F732FE-A12D-4591-9166-0A70F03F6532}.Debug|Any CPU.ActiveCfg = Debug|Any CPU
		{C5F732FE-A12D-4591-9166-0A70F03F6532}.Debug|Any CPU.Build.0 = Debug|Any CPU
		{C5F732FE-A12D-4591-9166-0A70F03F6532}.Release|Any CPU.ActiveCfg = Release|Any CPU
		{C5F732FE-A12D-4591-9166-0A70F03F6532}.Release|Any CPU.Build.0 = Release|Any CPU
	EndGlobalSection
	GlobalSection(SolutionProperties) = preSolution
		HideSolutionNode = FALSE
	EndGlobalSection
	GlobalSection(ExtensibilityGlobals) = postSolution
		SolutionGuid = {5696C89B-E77F-4A81-8A1C-6741BAD6E57C}
	EndGlobalSection
EndGlobal
